
Microsoft Visual Studio Solution File, Format Version 12.00
# Visual Studio Version 17
VisualStudioVersion = 17.14.36414.22 d17.14
MinimumVisualStudioVersion = 10.0.40219.1
Project("{FAE04EC0-301F-11D3-BF4B-00C04F79EFBC}") = "EZTix", "EZTix\EZTix.csproj", "{A9443A40-40D5-4192-B418-662C57E9121F}"
EndProject
Global
	GlobalSection(SolutionConfigurationPlatforms) = preSolution
		Debug|Any CPU = Debug|Any CPU
		Release|Any CPU = Release|Any CPU
	EndGlobalSection
	GlobalSection(ProjectConfigurationPlatforms) = postSolution
		{A9443A40-40D5-4192-B418-662C57E9121F}.Debug|Any CPU.ActiveCfg = Debug|Any CPU
		{A9443A40-40D5-4192-B418-662C57E9121F}.Debug|Any CPU.Build.0 = Debug|Any CPU
		{A9443A40-40D5-4192-B418-662C57E9121F}.Release|Any CPU.ActiveCfg = Release|Any CPU
		{A9443A40-40D5-4192-B418-662C57E9121F}.Release|Any CPU.Build.0 = Release|Any CPU
	EndGlobalSection
	GlobalSection(SolutionProperties) = preSolution
		HideSolutionNode = FALSE
	EndGlobalSection
	GlobalSection(ExtensibilityGlobals) = postSolution
		SolutionGuid = {E1D32D21-1A3B-4358-BD8C-8DEA31D69458}
	EndGlobalSection
EndGlobal
